// !$*UTF8*$!
{
	archiveVersion = 1;
	classes = {
	};
	objectVersion = 56;
	objects = {

/* Begin PBXBuildFile section */
		0B0767682CD2283000866B22 /* KakaoLoginViewController.swift in Sources */ = {isa = PBXBuildFile; fileRef = 0B0767672CD2283000866B22 /* KakaoLoginViewController.swift */; };
		0B07676F2CD2767600866B22 /* KakaoSDKAuth in Frameworks */ = {isa = PBXBuildFile; productRef = 0B07676E2CD2767600866B22 /* KakaoSDKAuth */; };
		0B0767752CD2767600866B22 /* KakaoSDKCommon in Frameworks */ = {isa = PBXBuildFile; productRef = 0B0767742CD2767600866B22 /* KakaoSDKCommon */; };
		0B0767772CD276E500866B22 /* KakaoSDKUser in Frameworks */ = {isa = PBXBuildFile; productRef = 0B0767762CD276E500866B22 /* KakaoSDKUser */; };
		0B301C792CC272530008804A /* AppDelegate.swift in Sources */ = {isa = PBXBuildFile; fileRef = 0B301C782CC272530008804A /* AppDelegate.swift */; };
		0B301C7B2CC272530008804A /* SceneDelegate.swift in Sources */ = {isa = PBXBuildFile; fileRef = 0B301C7A2CC272530008804A /* SceneDelegate.swift */; };
		0B301C7D2CC272530008804A /* ViewController.swift in Sources */ = {isa = PBXBuildFile; fileRef = 0B301C7C2CC272530008804A /* ViewController.swift */; };
		0B301C832CC272530008804A /* SpaceWanderer.xcdatamodeld in Sources */ = {isa = PBXBuildFile; fileRef = 0B301C812CC272530008804A /* SpaceWanderer.xcdatamodeld */; };
		0B301C852CC272550008804A /* Assets.xcassets in Resources */ = {isa = PBXBuildFile; fileRef = 0B301C842CC272550008804A /* Assets.xcassets */; };
		0B301C882CC272550008804A /* LaunchScreen.storyboard in Resources */ = {isa = PBXBuildFile; fileRef = 0B301C862CC272550008804A /* LaunchScreen.storyboard */; };
		0B301C9A2CC2742C0008804A /* Pretendard-Medium.ttf in Resources */ = {isa = PBXBuildFile; fileRef = 0B301C902CC2742C0008804A /* Pretendard-Medium.ttf */; };
		0B301C9B2CC2742C0008804A /* Pretendard-Black.ttf in Resources */ = {isa = PBXBuildFile; fileRef = 0B301C912CC2742C0008804A /* Pretendard-Black.ttf */; };
		0B301C9C2CC2742C0008804A /* Pretendard-Regular.ttf in Resources */ = {isa = PBXBuildFile; fileRef = 0B301C922CC2742C0008804A /* Pretendard-Regular.ttf */; };
		0B301C9D2CC2742C0008804A /* Pretendard-Thin.ttf in Resources */ = {isa = PBXBuildFile; fileRef = 0B301C932CC2742C0008804A /* Pretendard-Thin.ttf */; };
		0B301C9E2CC2742C0008804A /* Pretendard-ExtraLight.ttf in Resources */ = {isa = PBXBuildFile; fileRef = 0B301C942CC2742C0008804A /* Pretendard-ExtraLight.ttf */; };
		0B301C9F2CC2742C0008804A /* Pretendard-SemiBold.ttf in Resources */ = {isa = PBXBuildFile; fileRef = 0B301C952CC2742C0008804A /* Pretendard-SemiBold.ttf */; };
		0B301CA02CC2742C0008804A /* Pretendard-ExtraBold.ttf in Resources */ = {isa = PBXBuildFile; fileRef = 0B301C962CC2742C0008804A /* Pretendard-ExtraBold.ttf */; };
		0B301CA12CC2742C0008804A /* Pretendard-Bold.ttf in Resources */ = {isa = PBXBuildFile; fileRef = 0B301C972CC2742C0008804A /* Pretendard-Bold.ttf */; };
		0B301CA22CC2742C0008804A /* UIFont.swift in Sources */ = {isa = PBXBuildFile; fileRef = 0B301C982CC2742C0008804A /* UIFont.swift */; };
		0B301CA32CC2742C0008804A /* Pretendard-Light.ttf in Resources */ = {isa = PBXBuildFile; fileRef = 0B301C992CC2742C0008804A /* Pretendard-Light.ttf */; };
		0B8BC1F22CDA1A650009B553 /* ActivityIndicatorHelper.swift in Sources */ = {isa = PBXBuildFile; fileRef = 0B8BC1EA2CDA1A650009B553 /* ActivityIndicatorHelper.swift */; };
		0B8BC1F32CDA1A650009B553 /* UIView+.swift in Sources */ = {isa = PBXBuildFile; fileRef = 0B8BC1EB2CDA1A650009B553 /* UIView+.swift */; };
		0B8BC1F52CDA1A650009B553 /* KeyboardTap.swift in Sources */ = {isa = PBXBuildFile; fileRef = 0B8BC1ED2CDA1A650009B553 /* KeyboardTap.swift */; };
		0B8BC1F82CDA1A650009B553 /* UIFactory+.swift in Sources */ = {isa = PBXBuildFile; fileRef = 0B8BC1F02CDA1A650009B553 /* UIFactory+.swift */; };
		0B8BC1FC2CDA1AC90009B553 /* Then in Frameworks */ = {isa = PBXBuildFile; productRef = 0B8BC1FB2CDA1AC90009B553 /* Then */; };
		0B8BC1FF2CDA1ADA0009B553 /* SnapKit in Frameworks */ = {isa = PBXBuildFile; productRef = 0B8BC1FE2CDA1ADA0009B553 /* SnapKit */; };
		0B8BC2072CDA1D490009B553 /* ProfileViewController.swift in Sources */ = {isa = PBXBuildFile; fileRef = 0B8BC2062CDA1D490009B553 /* ProfileViewController.swift */; };
		0B8BC20B2CDA1D860009B553 /* CalendarViewController.swift in Sources */ = {isa = PBXBuildFile; fileRef = 0B8BC20A2CDA1D860009B553 /* CalendarViewController.swift */; };
		0B8BC20E2CDA1DCE0009B553 /* TabBarViewController.swift in Sources */ = {isa = PBXBuildFile; fileRef = 0B8BC20D2CDA1DCE0009B553 /* TabBarViewController.swift */; };
		0B8BC2112CDA41380009B553 /* UIColor.swift in Sources */ = {isa = PBXBuildFile; fileRef = 0B8BC2102CDA41380009B553 /* UIColor.swift */; };
		0B9265E32CC7E4FE002270AF /* SpaceInfo.plist in Resources */ = {isa = PBXBuildFile; fileRef = 0B9265E22CC7E4FE002270AF /* SpaceInfo.plist */; };
		0BE8B8532CD4D6DB003524C3 /* UpdateProfileViewController.swift in Sources */ = {isa = PBXBuildFile; fileRef = 0BE8B8522CD4D6DB003524C3 /* UpdateProfileViewController.swift */; };
		0BEBD88B2CD36F4F001590E8 /* KeychainHelper.swift in Sources */ = {isa = PBXBuildFile; fileRef = 0BEBD88A2CD36F4F001590E8 /* KeychainHelper.swift */; };
		0BEBD88D2CD3A4CD001590E8 /* AppleLoginViewController.swift in Sources */ = {isa = PBXBuildFile; fileRef = 0BEBD88C2CD3A4CD001590E8 /* AppleLoginViewController.swift */; };
		0BEBD88F2CD3A622001590E8 /* AppleLoginManager.swift in Sources */ = {isa = PBXBuildFile; fileRef = 0BEBD88E2CD3A622001590E8 /* AppleLoginManager.swift */; };
		0BEBD8912CD3A63B001590E8 /* AppleLoginResponse.swift in Sources */ = {isa = PBXBuildFile; fileRef = 0BEBD8902CD3A63B001590E8 /* AppleLoginResponse.swift */; };
		0BEBD8932CD3A686001590E8 /* KakaoLoginManager.swift in Sources */ = {isa = PBXBuildFile; fileRef = 0BEBD8922CD3A686001590E8 /* KakaoLoginManager.swift */; };
		0BEC2A312CD8A7C0000EC98C /* SelectProfileImageViewController.swift in Sources */ = {isa = PBXBuildFile; fileRef = 0BEC2A302CD8A7C0000EC98C /* SelectProfileImageViewController.swift */; };
		0BEC2A332CD8AE97000EC98C /* MainViewController.swift in Sources */ = {isa = PBXBuildFile; fileRef = 0BEC2A322CD8AE97000EC98C /* MainViewController.swift */; };
/* End PBXBuildFile section */

/* Begin PBXFileReference section */
		0B0767672CD2283000866B22 /* KakaoLoginViewController.swift */ = {isa = PBXFileReference; lastKnownFileType = sourcecode.swift; path = KakaoLoginViewController.swift; sourceTree = "<group>"; };
		0B301C752CC272530008804A /* SpaceWanderer.app */ = {isa = PBXFileReference; explicitFileType = wrapper.application; includeInIndex = 0; path = SpaceWanderer.app; sourceTree = BUILT_PRODUCTS_DIR; };
		0B301C782CC272530008804A /* AppDelegate.swift */ = {isa = PBXFileReference; lastKnownFileType = sourcecode.swift; path = AppDelegate.swift; sourceTree = "<group>"; };
		0B301C7A2CC272530008804A /* SceneDelegate.swift */ = {isa = PBXFileReference; lastKnownFileType = sourcecode.swift; path = SceneDelegate.swift; sourceTree = "<group>"; };
		0B301C7C2CC272530008804A /* ViewController.swift */ = {isa = PBXFileReference; lastKnownFileType = sourcecode.swift; path = ViewController.swift; sourceTree = "<group>"; };
		0B301C822CC272530008804A /* SpaceWanderer.xcdatamodel */ = {isa = PBXFileReference; lastKnownFileType = wrapper.xcdatamodel; path = SpaceWanderer.xcdatamodel; sourceTree = "<group>"; };
		0B301C842CC272550008804A /* Assets.xcassets */ = {isa = PBXFileReference; lastKnownFileType = folder.assetcatalog; path = Assets.xcassets; sourceTree = "<group>"; };
		0B301C872CC272550008804A /* Base */ = {isa = PBXFileReference; lastKnownFileType = file.storyboard; name = Base; path = Base.lproj/LaunchScreen.storyboard; sourceTree = "<group>"; };
		0B301C892CC272550008804A /* Info.plist */ = {isa = PBXFileReference; lastKnownFileType = text.plist.xml; path = Info.plist; sourceTree = "<group>"; };
		0B301C902CC2742C0008804A /* Pretendard-Medium.ttf */ = {isa = PBXFileReference; lastKnownFileType = file; path = "Pretendard-Medium.ttf"; sourceTree = "<group>"; };
		0B301C912CC2742C0008804A /* Pretendard-Black.ttf */ = {isa = PBXFileReference; lastKnownFileType = file; path = "Pretendard-Black.ttf"; sourceTree = "<group>"; };
		0B301C922CC2742C0008804A /* Pretendard-Regular.ttf */ = {isa = PBXFileReference; lastKnownFileType = file; path = "Pretendard-Regular.ttf"; sourceTree = "<group>"; };
		0B301C932CC2742C0008804A /* Pretendard-Thin.ttf */ = {isa = PBXFileReference; lastKnownFileType = file; path = "Pretendard-Thin.ttf"; sourceTree = "<group>"; };
		0B301C942CC2742C0008804A /* Pretendard-ExtraLight.ttf */ = {isa = PBXFileReference; lastKnownFileType = file; path = "Pretendard-ExtraLight.ttf"; sourceTree = "<group>"; };
		0B301C952CC2742C0008804A /* Pretendard-SemiBold.ttf */ = {isa = PBXFileReference; lastKnownFileType = file; path = "Pretendard-SemiBold.ttf"; sourceTree = "<group>"; };
		0B301C962CC2742C0008804A /* Pretendard-ExtraBold.ttf */ = {isa = PBXFileReference; lastKnownFileType = file; path = "Pretendard-ExtraBold.ttf"; sourceTree = "<group>"; };
		0B301C972CC2742C0008804A /* Pretendard-Bold.ttf */ = {isa = PBXFileReference; lastKnownFileType = file; path = "Pretendard-Bold.ttf"; sourceTree = "<group>"; };
		0B301C982CC2742C0008804A /* UIFont.swift */ = {isa = PBXFileReference; fileEncoding = 4; lastKnownFileType = sourcecode.swift; path = UIFont.swift; sourceTree = "<group>"; };
		0B301C992CC2742C0008804A /* Pretendard-Light.ttf */ = {isa = PBXFileReference; lastKnownFileType = file; path = "Pretendard-Light.ttf"; sourceTree = "<group>"; };
		0B8BC1EA2CDA1A650009B553 /* ActivityIndicatorHelper.swift */ = {isa = PBXFileReference; fileEncoding = 4; lastKnownFileType = sourcecode.swift; path = ActivityIndicatorHelper.swift; sourceTree = "<group>"; };
		0B8BC1EB2CDA1A650009B553 /* UIView+.swift */ = {isa = PBXFileReference; fileEncoding = 4; lastKnownFileType = sourcecode.swift; path = "UIView+.swift"; sourceTree = "<group>"; };
		0B8BC1ED2CDA1A650009B553 /* KeyboardTap.swift */ = {isa = PBXFileReference; fileEncoding = 4; lastKnownFileType = sourcecode.swift; path = KeyboardTap.swift; sourceTree = "<group>"; };
		0B8BC1F02CDA1A650009B553 /* UIFactory+.swift */ = {isa = PBXFileReference; fileEncoding = 4; lastKnownFileType = sourcecode.swift; path = "UIFactory+.swift"; sourceTree = "<group>"; };
		0B8BC2062CDA1D490009B553 /* ProfileViewController.swift */ = {isa = PBXFileReference; lastKnownFileType = sourcecode.swift; path = ProfileViewController.swift; sourceTree = "<group>"; };
		0B8BC20A2CDA1D860009B553 /* CalendarViewController.swift */ = {isa = PBXFileReference; lastKnownFileType = sourcecode.swift; path = CalendarViewController.swift; sourceTree = "<group>"; };
		0B8BC20D2CDA1DCE0009B553 /* TabBarViewController.swift */ = {isa = PBXFileReference; lastKnownFileType = sourcecode.swift; path = TabBarViewController.swift; sourceTree = "<group>"; };
		0B8BC2102CDA41380009B553 /* UIColor.swift */ = {isa = PBXFileReference; fileEncoding = 4; lastKnownFileType = sourcecode.swift; path = UIColor.swift; sourceTree = "<group>"; };
		0B9265E22CC7E4FE002270AF /* SpaceInfo.plist */ = {isa = PBXFileReference; lastKnownFileType = text.plist.xml; path = SpaceInfo.plist; sourceTree = "<group>"; };
		0BE87C3C2CC5356B00BAEA19 /* SpaceWanderer.entitlements */ = {isa = PBXFileReference; lastKnownFileType = text.plist.entitlements; path = SpaceWanderer.entitlements; sourceTree = "<group>"; };
		0BE8B8522CD4D6DB003524C3 /* UpdateProfileViewController.swift */ = {isa = PBXFileReference; lastKnownFileType = sourcecode.swift; path = UpdateProfileViewController.swift; sourceTree = "<group>"; };
		0BEBD88A2CD36F4F001590E8 /* KeychainHelper.swift */ = {isa = PBXFileReference; lastKnownFileType = sourcecode.swift; path = KeychainHelper.swift; sourceTree = "<group>"; };
		0BEBD88C2CD3A4CD001590E8 /* AppleLoginViewController.swift */ = {isa = PBXFileReference; lastKnownFileType = sourcecode.swift; path = AppleLoginViewController.swift; sourceTree = "<group>"; };
		0BEBD88E2CD3A622001590E8 /* AppleLoginManager.swift */ = {isa = PBXFileReference; lastKnownFileType = sourcecode.swift; path = AppleLoginManager.swift; sourceTree = "<group>"; };
		0BEBD8902CD3A63B001590E8 /* AppleLoginResponse.swift */ = {isa = PBXFileReference; lastKnownFileType = sourcecode.swift; path = AppleLoginResponse.swift; sourceTree = "<group>"; };
		0BEBD8922CD3A686001590E8 /* KakaoLoginManager.swift */ = {isa = PBXFileReference; lastKnownFileType = sourcecode.swift; path = KakaoLoginManager.swift; sourceTree = "<group>"; };
		0BEC2A302CD8A7C0000EC98C /* SelectProfileImageViewController.swift */ = {isa = PBXFileReference; lastKnownFileType = sourcecode.swift; path = SelectProfileImageViewController.swift; sourceTree = "<group>"; };
		0BEC2A322CD8AE97000EC98C /* MainViewController.swift */ = {isa = PBXFileReference; lastKnownFileType = sourcecode.swift; path = MainViewController.swift; sourceTree = "<group>"; };
/* End PBXFileReference section */

/* Begin PBXFrameworksBuildPhase section */
		0B301C722CC272520008804A /* Frameworks */ = {
			isa = PBXFrameworksBuildPhase;
			buildActionMask = 2147483647;
			files = (
				0B0767772CD276E500866B22 /* KakaoSDKUser in Frameworks */,
				0B0767752CD2767600866B22 /* KakaoSDKCommon in Frameworks */,
				0B07676F2CD2767600866B22 /* KakaoSDKAuth in Frameworks */,
				0B8BC1FC2CDA1AC90009B553 /* Then in Frameworks */,
				0B8BC1FF2CDA1ADA0009B553 /* SnapKit in Frameworks */,
			);
			runOnlyForDeploymentPostprocessing = 0;
		};
/* End PBXFrameworksBuildPhase section */

/* Begin PBXGroup section */
		0B0767692CD2743400866B22 /* Frameworks */ = {
			isa = PBXGroup;
			children = (
			);
			name = Frameworks;
			sourceTree = "<group>";
		};
		0B301C6C2CC272520008804A = {
			isa = PBXGroup;
			children = (
				0B301C772CC272530008804A /* SpaceWanderer */,
				0B301C762CC272530008804A /* Products */,
				0B0767692CD2743400866B22 /* Frameworks */,
			);
			sourceTree = "<group>";
		};
		0B301C762CC272530008804A /* Products */ = {
			isa = PBXGroup;
			children = (
				0B301C752CC272530008804A /* SpaceWanderer.app */,
			);
			name = Products;
			sourceTree = "<group>";
		};
		0B301C772CC272530008804A /* SpaceWanderer */ = {
			isa = PBXGroup;
			children = (
				0BE87C3C2CC5356B00BAEA19 /* SpaceWanderer.entitlements */,
				0B301C782CC272530008804A /* AppDelegate.swift */,
				0B301C7A2CC272530008804A /* SceneDelegate.swift */,
				0B301C7C2CC272530008804A /* ViewController.swift */,
				0BEBD88A2CD36F4F001590E8 /* KeychainHelper.swift */,
				0B8BC1E32CDA17F90009B553 /* Manager */,
				0B8BC1E42CDA18000009B553 /* Resource */,
				0B8BC1E72CDA181D0009B553 /* Models */,
				0B8BC1E62CDA18180009B553 /* Views */,
				0B8BC1E52CDA180C0009B553 /* Controllers */,
				0B301C892CC272550008804A /* Info.plist */,
				0B9265E22CC7E4FE002270AF /* SpaceInfo.plist */,
				0B301C812CC272530008804A /* SpaceWanderer.xcdatamodeld */,
			);
			path = SpaceWanderer;
			sourceTree = "<group>";
		};
		0B301C8F2CC2742C0008804A /* Fonts */ = {
			isa = PBXGroup;
			children = (
				0B301C902CC2742C0008804A /* Pretendard-Medium.ttf */,
				0B301C912CC2742C0008804A /* Pretendard-Black.ttf */,
				0B301C922CC2742C0008804A /* Pretendard-Regular.ttf */,
				0B301C932CC2742C0008804A /* Pretendard-Thin.ttf */,
				0B301C942CC2742C0008804A /* Pretendard-ExtraLight.ttf */,
				0B301C952CC2742C0008804A /* Pretendard-SemiBold.ttf */,
				0B301C962CC2742C0008804A /* Pretendard-ExtraBold.ttf */,
				0B301C972CC2742C0008804A /* Pretendard-Bold.ttf */,
				0B301C982CC2742C0008804A /* UIFont.swift */,
				0B301C992CC2742C0008804A /* Pretendard-Light.ttf */,
			);
			path = Fonts;
			sourceTree = "<group>";
		};
		0B8BC1E32CDA17F90009B553 /* Manager */ = {
			isa = PBXGroup;
			children = (
				0BEBD8922CD3A686001590E8 /* KakaoLoginManager.swift */,
				0BEBD88E2CD3A622001590E8 /* AppleLoginManager.swift */,
			);
			path = Manager;
			sourceTree = "<group>";
		};
		0B8BC1E42CDA18000009B553 /* Resource */ = {
			isa = PBXGroup;
			children = (
				0B8BC20F2CDA41380009B553 /* Color */,
				0B8BC1E92CDA1A650009B553 /* UIFactorys */,
				0B301C8F2CC2742C0008804A /* Fonts */,
				0B301C842CC272550008804A /* Assets.xcassets */,
				0B301C862CC272550008804A /* LaunchScreen.storyboard */,
			);
			path = Resource;
			sourceTree = "<group>";
		};
		0B8BC1E52CDA180C0009B553 /* Controllers */ = {
			isa = PBXGroup;
			children = (
				0B8BC20C2CDA1DBB0009B553 /* tab */,
				0B8BC2022CDA1CEA0009B553 /* auth */,
				0B8BC2032CDA1D060009B553 /* main */,
				0B8BC2082CDA1D6C0009B553 /* calendar */,
				0B8BC2042CDA1D0E0009B553 /* profile */,
				0B8BC2052CDA1D150009B553 /* setting */,
			);
			path = Controllers;
			sourceTree = "<group>";
		};
		0B8BC1E62CDA18180009B553 /* Views */ = {
			isa = PBXGroup;
			children = (
			);
			path = Views;
			sourceTree = "<group>";
		};
		0B8BC1E72CDA181D0009B553 /* Models */ = {
			isa = PBXGroup;
			children = (
				0BEBD8902CD3A63B001590E8 /* AppleLoginResponse.swift */,
			);
			path = Models;
			sourceTree = "<group>";
		};
		0B8BC1E92CDA1A650009B553 /* UIFactorys */ = {
			isa = PBXGroup;
			children = (
				0B8BC1EB2CDA1A650009B553 /* UIView+.swift */,
				0B8BC1EA2CDA1A650009B553 /* ActivityIndicatorHelper.swift */,
				0B8BC1ED2CDA1A650009B553 /* KeyboardTap.swift */,
				0B8BC1F02CDA1A650009B553 /* UIFactory+.swift */,
			);
			path = UIFactorys;
			sourceTree = "<group>";
		};
		0B8BC2022CDA1CEA0009B553 /* auth */ = {
			isa = PBXGroup;
			children = (
				0BEBD88C2CD3A4CD001590E8 /* AppleLoginViewController.swift */,
				0B0767672CD2283000866B22 /* KakaoLoginViewController.swift */,
				0BE8B8522CD4D6DB003524C3 /* UpdateProfileViewController.swift */,
				0BEC2A302CD8A7C0000EC98C /* SelectProfileImageViewController.swift */,
			);
			path = auth;
			sourceTree = "<group>";
		};
		0B8BC2032CDA1D060009B553 /* main */ = {
			isa = PBXGroup;
			children = (
				0BEC2A322CD8AE97000EC98C /* MainViewController.swift */,
			);
			path = main;
			sourceTree = "<group>";
		};
		0B8BC2042CDA1D0E0009B553 /* profile */ = {
			isa = PBXGroup;
			children = (
				0B8BC2062CDA1D490009B553 /* ProfileViewController.swift */,
			);
			path = profile;
			sourceTree = "<group>";
		};
		0B8BC2052CDA1D150009B553 /* setting */ = {
			isa = PBXGroup;
			children = (
			);
			path = setting;
			sourceTree = "<group>";
		};
		0B8BC2082CDA1D6C0009B553 /* calendar */ = {
			isa = PBXGroup;
			children = (
				0B8BC20A2CDA1D860009B553 /* CalendarViewController.swift */,
			);
			path = calendar;
			sourceTree = "<group>";
		};
		0B8BC20C2CDA1DBB0009B553 /* tab */ = {
			isa = PBXGroup;
			children = (
				0B8BC20D2CDA1DCE0009B553 /* TabBarViewController.swift */,
			);
			path = tab;
			sourceTree = "<group>";
		};
		0B8BC20F2CDA41380009B553 /* Color */ = {
			isa = PBXGroup;
			children = (
				0B8BC2102CDA41380009B553 /* UIColor.swift */,
			);
			path = Color;
			sourceTree = "<group>";
		};
/* End PBXGroup section */

/* Begin PBXNativeTarget section */
		0B301C742CC272520008804A /* SpaceWanderer */ = {
			isa = PBXNativeTarget;
			buildConfigurationList = 0B301C8C2CC272550008804A /* Build configuration list for PBXNativeTarget "SpaceWanderer" */;
			buildPhases = (
				0B301C712CC272520008804A /* Sources */,
				0B301C722CC272520008804A /* Frameworks */,
				0B301C732CC272520008804A /* Resources */,
			);
			buildRules = (
			);
			dependencies = (
			);
			name = SpaceWanderer;
			packageProductDependencies = (
				0B07676E2CD2767600866B22 /* KakaoSDKAuth */,
				0B0767742CD2767600866B22 /* KakaoSDKCommon */,
				0B0767762CD276E500866B22 /* KakaoSDKUser */,
				0B8BC1FB2CDA1AC90009B553 /* Then */,
				0B8BC1FE2CDA1ADA0009B553 /* SnapKit */,
			);
			productName = SpaceWanderer;
			productReference = 0B301C752CC272530008804A /* SpaceWanderer.app */;
			productType = "com.apple.product-type.application";
		};
/* End PBXNativeTarget section */

/* Begin PBXProject section */
		0B301C6D2CC272520008804A /* Project object */ = {
			isa = PBXProject;
			attributes = {
				BuildIndependentTargetsInParallel = 1;
				LastSwiftUpdateCheck = 1510;
				LastUpgradeCheck = 1510;
				TargetAttributes = {
					0B301C742CC272520008804A = {
						CreatedOnToolsVersion = 15.1;
					};
				};
			};
			buildConfigurationList = 0B301C702CC272520008804A /* Build configuration list for PBXProject "SpaceWanderer" */;
			compatibilityVersion = "Xcode 14.0";
			developmentRegion = en;
			hasScannedForEncodings = 0;
			knownRegions = (
				en,
				Base,
			);
			mainGroup = 0B301C6C2CC272520008804A;
			packageReferences = (
				0B07675C2CD2270800866B22 /* XCRemoteSwiftPackageReference "kakao-ios-sdk" */,
				0B8BC1FA2CDA1AC90009B553 /* XCRemoteSwiftPackageReference "Then" */,
				0B8BC1FD2CDA1ADA0009B553 /* XCRemoteSwiftPackageReference "SnapKit" */,
			);
			productRefGroup = 0B301C762CC272530008804A /* Products */;
			projectDirPath = "";
			projectRoot = "";
			targets = (
				0B301C742CC272520008804A /* SpaceWanderer */,
			);
		};
/* End PBXProject section */

/* Begin PBXResourcesBuildPhase section */
		0B301C732CC272520008804A /* Resources */ = {
			isa = PBXResourcesBuildPhase;
			buildActionMask = 2147483647;
			files = (
				0B301C9F2CC2742C0008804A /* Pretendard-SemiBold.ttf in Resources */,
				0B301C9A2CC2742C0008804A /* Pretendard-Medium.ttf in Resources */,
				0B301C882CC272550008804A /* LaunchScreen.storyboard in Resources */,
				0B301C9C2CC2742C0008804A /* Pretendard-Regular.ttf in Resources */,
				0B301C852CC272550008804A /* Assets.xcassets in Resources */,
				0B301CA32CC2742C0008804A /* Pretendard-Light.ttf in Resources */,
				0B301C9B2CC2742C0008804A /* Pretendard-Black.ttf in Resources */,
				0B301CA02CC2742C0008804A /* Pretendard-ExtraBold.ttf in Resources */,
				0B301C9D2CC2742C0008804A /* Pretendard-Thin.ttf in Resources */,
				0B301C9E2CC2742C0008804A /* Pretendard-ExtraLight.ttf in Resources */,
				0B301CA12CC2742C0008804A /* Pretendard-Bold.ttf in Resources */,
				0B9265E32CC7E4FE002270AF /* SpaceInfo.plist in Resources */,
			);
			runOnlyForDeploymentPostprocessing = 0;
		};
/* End PBXResourcesBuildPhase section */

/* Begin PBXSourcesBuildPhase section */
		0B301C712CC272520008804A /* Sources */ = {
			isa = PBXSourcesBuildPhase;
			buildActionMask = 2147483647;
			files = (
				0B8BC20B2CDA1D860009B553 /* CalendarViewController.swift in Sources */,
				0B301C7D2CC272530008804A /* ViewController.swift in Sources */,
				0B301C792CC272530008804A /* AppDelegate.swift in Sources */,
				0BEC2A312CD8A7C0000EC98C /* SelectProfileImageViewController.swift in Sources */,
				0B8BC20E2CDA1DCE0009B553 /* TabBarViewController.swift in Sources */,
				0B0767682CD2283000866B22 /* KakaoLoginViewController.swift in Sources */,
				0BE8B8532CD4D6DB003524C3 /* UpdateProfileViewController.swift in Sources */,
				0B8BC2112CDA41380009B553 /* UIColor.swift in Sources */,
				0B8BC1F82CDA1A650009B553 /* UIFactory+.swift in Sources */,
				0BEBD88D2CD3A4CD001590E8 /* AppleLoginViewController.swift in Sources */,
				0B301C832CC272530008804A /* SpaceWanderer.xcdatamodeld in Sources */,
				0B8BC1F22CDA1A650009B553 /* ActivityIndicatorHelper.swift in Sources */,
				0B8BC2072CDA1D490009B553 /* ProfileViewController.swift in Sources */,
				0BEC2A332CD8AE97000EC98C /* MainViewController.swift in Sources */,
				0BEBD88B2CD36F4F001590E8 /* KeychainHelper.swift in Sources */,
				0B301CA22CC2742C0008804A /* UIFont.swift in Sources */,
				0B8BC1F52CDA1A650009B553 /* KeyboardTap.swift in Sources */,
				0BEBD8912CD3A63B001590E8 /* AppleLoginResponse.swift in Sources */,
				0B8BC1F32CDA1A650009B553 /* UIView+.swift in Sources */,
				0B301C7B2CC272530008804A /* SceneDelegate.swift in Sources */,
				0BEBD8932CD3A686001590E8 /* KakaoLoginManager.swift in Sources */,
				0BEBD88F2CD3A622001590E8 /* AppleLoginManager.swift in Sources */,
			);
			runOnlyForDeploymentPostprocessing = 0;
		};
/* End PBXSourcesBuildPhase section */

/* Begin PBXVariantGroup section */
		0B301C862CC272550008804A /* LaunchScreen.storyboard */ = {
			isa = PBXVariantGroup;
			children = (
				0B301C872CC272550008804A /* Base */,
			);
			name = LaunchScreen.storyboard;
			sourceTree = "<group>";
		};
/* End PBXVariantGroup section */

/* Begin XCBuildConfiguration section */
		0B301C8A2CC272550008804A /* Debug */ = {
			isa = XCBuildConfiguration;
			buildSettings = {
				ALWAYS_SEARCH_USER_PATHS = NO;
				ASSETCATALOG_COMPILER_GENERATE_SWIFT_ASSET_SYMBOL_EXTENSIONS = YES;
				CLANG_ANALYZER_NONNULL = YES;
				CLANG_ANALYZER_NUMBER_OBJECT_CONVERSION = YES_AGGRESSIVE;
				CLANG_CXX_LANGUAGE_STANDARD = "gnu++20";
				CLANG_ENABLE_MODULES = YES;
				CLANG_ENABLE_OBJC_ARC = YES;
				CLANG_ENABLE_OBJC_WEAK = YES;
				CLANG_WARN_BLOCK_CAPTURE_AUTORELEASING = YES;
				CLANG_WARN_BOOL_CONVERSION = YES;
				CLANG_WARN_COMMA = YES;
				CLANG_WARN_CONSTANT_CONVERSION = YES;
				CLANG_WARN_DEPRECATED_OBJC_IMPLEMENTATIONS = YES;
				CLANG_WARN_DIRECT_OBJC_ISA_USAGE = YES_ERROR;
				CLANG_WARN_DOCUMENTATION_COMMENTS = YES;
				CLANG_WARN_EMPTY_BODY = YES;
				CLANG_WARN_ENUM_CONVERSION = YES;
				CLANG_WARN_INFINITE_RECURSION = YES;
				CLANG_WARN_INT_CONVERSION = YES;
				CLANG_WARN_NON_LITERAL_NULL_CONVERSION = YES;
				CLANG_WARN_OBJC_IMPLICIT_RETAIN_SELF = YES;
				CLANG_WARN_OBJC_LITERAL_CONVERSION = YES;
				CLANG_WARN_OBJC_ROOT_CLASS = YES_ERROR;
				CLANG_WARN_QUOTED_INCLUDE_IN_FRAMEWORK_HEADER = YES;
				CLANG_WARN_RANGE_LOOP_ANALYSIS = YES;
				CLANG_WARN_STRICT_PROTOTYPES = YES;
				CLANG_WARN_SUSPICIOUS_MOVE = YES;
				CLANG_WARN_UNGUARDED_AVAILABILITY = YES_AGGRESSIVE;
				CLANG_WARN_UNREACHABLE_CODE = YES;
				CLANG_WARN__DUPLICATE_METHOD_MATCH = YES;
				COPY_PHASE_STRIP = NO;
				DEBUG_INFORMATION_FORMAT = dwarf;
				ENABLE_STRICT_OBJC_MSGSEND = YES;
				ENABLE_TESTABILITY = YES;
				ENABLE_USER_SCRIPT_SANDBOXING = YES;
				GCC_C_LANGUAGE_STANDARD = gnu17;
				GCC_DYNAMIC_NO_PIC = NO;
				GCC_NO_COMMON_BLOCKS = YES;
				GCC_OPTIMIZATION_LEVEL = 0;
				GCC_PREPROCESSOR_DEFINITIONS = (
					"DEBUG=1",
					"$(inherited)",
				);
				GCC_WARN_64_TO_32_BIT_CONVERSION = YES;
				GCC_WARN_ABOUT_RETURN_TYPE = YES_ERROR;
				GCC_WARN_UNDECLARED_SELECTOR = YES;
				GCC_WARN_UNINITIALIZED_AUTOS = YES_AGGRESSIVE;
				GCC_WARN_UNUSED_FUNCTION = YES;
				GCC_WARN_UNUSED_VARIABLE = YES;
				IPHONEOS_DEPLOYMENT_TARGET = 17.2;
				LOCALIZATION_PREFERS_STRING_CATALOGS = YES;
				MTL_ENABLE_DEBUG_INFO = INCLUDE_SOURCE;
				MTL_FAST_MATH = YES;
				ONLY_ACTIVE_ARCH = YES;
				SDKROOT = iphoneos;
				SWIFT_ACTIVE_COMPILATION_CONDITIONS = "DEBUG $(inherited)";
				SWIFT_OPTIMIZATION_LEVEL = "-Onone";
			};
			name = Debug;
		};
		0B301C8B2CC272550008804A /* Release */ = {
			isa = XCBuildConfiguration;
			buildSettings = {
				ALWAYS_SEARCH_USER_PATHS = NO;
				ASSETCATALOG_COMPILER_GENERATE_SWIFT_ASSET_SYMBOL_EXTENSIONS = YES;
				CLANG_ANALYZER_NONNULL = YES;
				CLANG_ANALYZER_NUMBER_OBJECT_CONVERSION = YES_AGGRESSIVE;
				CLANG_CXX_LANGUAGE_STANDARD = "gnu++20";
				CLANG_ENABLE_MODULES = YES;
				CLANG_ENABLE_OBJC_ARC = YES;
				CLANG_ENABLE_OBJC_WEAK = YES;
				CLANG_WARN_BLOCK_CAPTURE_AUTORELEASING = YES;
				CLANG_WARN_BOOL_CONVERSION = YES;
				CLANG_WARN_COMMA = YES;
				CLANG_WARN_CONSTANT_CONVERSION = YES;
				CLANG_WARN_DEPRECATED_OBJC_IMPLEMENTATIONS = YES;
				CLANG_WARN_DIRECT_OBJC_ISA_USAGE = YES_ERROR;
				CLANG_WARN_DOCUMENTATION_COMMENTS = YES;
				CLANG_WARN_EMPTY_BODY = YES;
				CLANG_WARN_ENUM_CONVERSION = YES;
				CLANG_WARN_INFINITE_RECURSION = YES;
				CLANG_WARN_INT_CONVERSION = YES;
				CLANG_WARN_NON_LITERAL_NULL_CONVERSION = YES;
				CLANG_WARN_OBJC_IMPLICIT_RETAIN_SELF = YES;
				CLANG_WARN_OBJC_LITERAL_CONVERSION = YES;
				CLANG_WARN_OBJC_ROOT_CLASS = YES_ERROR;
				CLANG_WARN_QUOTED_INCLUDE_IN_FRAMEWORK_HEADER = YES;
				CLANG_WARN_RANGE_LOOP_ANALYSIS = YES;
				CLANG_WARN_STRICT_PROTOTYPES = YES;
				CLANG_WARN_SUSPICIOUS_MOVE = YES;
				CLANG_WARN_UNGUARDED_AVAILABILITY = YES_AGGRESSIVE;
				CLANG_WARN_UNREACHABLE_CODE = YES;
				CLANG_WARN__DUPLICATE_METHOD_MATCH = YES;
				COPY_PHASE_STRIP = NO;
				DEBUG_INFORMATION_FORMAT = "dwarf-with-dsym";
				ENABLE_NS_ASSERTIONS = NO;
				ENABLE_STRICT_OBJC_MSGSEND = YES;
				ENABLE_USER_SCRIPT_SANDBOXING = YES;
				GCC_C_LANGUAGE_STANDARD = gnu17;
				GCC_NO_COMMON_BLOCKS = YES;
				GCC_WARN_64_TO_32_BIT_CONVERSION = YES;
				GCC_WARN_ABOUT_RETURN_TYPE = YES_ERROR;
				GCC_WARN_UNDECLARED_SELECTOR = YES;
				GCC_WARN_UNINITIALIZED_AUTOS = YES_AGGRESSIVE;
				GCC_WARN_UNUSED_FUNCTION = YES;
				GCC_WARN_UNUSED_VARIABLE = YES;
				IPHONEOS_DEPLOYMENT_TARGET = 17.2;
				LOCALIZATION_PREFERS_STRING_CATALOGS = YES;
				MTL_ENABLE_DEBUG_INFO = NO;
				MTL_FAST_MATH = YES;
				SDKROOT = iphoneos;
				SWIFT_COMPILATION_MODE = wholemodule;
				VALIDATE_PRODUCT = YES;
			};
			name = Release;
		};
		0B301C8D2CC272550008804A /* Debug */ = {
			isa = XCBuildConfiguration;
			buildSettings = {
				ASSETCATALOG_COMPILER_APPICON_NAME = AppIcon;
				ASSETCATALOG_COMPILER_GLOBAL_ACCENT_COLOR_NAME = AccentColor;
				CODE_SIGN_ENTITLEMENTS = SpaceWanderer/SpaceWanderer.entitlements;
				CODE_SIGN_STYLE = Automatic;
				CURRENT_PROJECT_VERSION = 1;
				DEVELOPMENT_TEAM = KWVJ99C465;
				ENABLE_TESTABILITY = NO;
				ENABLE_TESTING_SEARCH_PATHS = NO;
				GENERATE_INFOPLIST_FILE = YES;
				INFOPLIST_FILE = SpaceWanderer/Info.plist;
				INFOPLIST_KEY_NSHealthShareUsageDescription = "이 앱은 사용자의 걸음 수 데이터를 보기 위해 HealthKit 접근 권한이 필요합니다.";
				INFOPLIST_KEY_NSLocalNetworkUsageDescription = "로컬 네트워크에 접근하여 서버와 통신하기 위함입니다.";
				INFOPLIST_KEY_NSMotionUsageDescription = "사용자의 걸음 수와 운동 활동을 추적하기 위해 동작 데이터를 사용합니다.";
				INFOPLIST_KEY_UIApplicationSupportsIndirectInputEvents = YES;
				INFOPLIST_KEY_UILaunchStoryboardName = LaunchScreen;
				INFOPLIST_KEY_UISupportedInterfaceOrientations_iPad = "UIInterfaceOrientationPortrait UIInterfaceOrientationPortraitUpsideDown UIInterfaceOrientationLandscapeLeft UIInterfaceOrientationLandscapeRight";
				INFOPLIST_KEY_UISupportedInterfaceOrientations_iPhone = "UIInterfaceOrientationPortrait UIInterfaceOrientationLandscapeLeft UIInterfaceOrientationLandscapeRight";
				LD_RUNPATH_SEARCH_PATHS = (
					"$(inherited)",
					"@executable_path/Frameworks",
				);
				MARKETING_VERSION = 1.0;
				PRODUCT_BUNDLE_IDENTIFIER = com.space.wanderer;
				PRODUCT_NAME = "$(TARGET_NAME)";
				SWIFT_EMIT_LOC_STRINGS = YES;
				SWIFT_VERSION = 5.0;
				TARGETED_DEVICE_FAMILY = "1,2";
			};
			name = Debug;
		};
		0B301C8E2CC272550008804A /* Release */ = {
			isa = XCBuildConfiguration;
			buildSettings = {
				ASSETCATALOG_COMPILER_APPICON_NAME = AppIcon;
				ASSETCATALOG_COMPILER_GLOBAL_ACCENT_COLOR_NAME = AccentColor;
				CODE_SIGN_ENTITLEMENTS = SpaceWanderer/SpaceWanderer.entitlements;
				CODE_SIGN_STYLE = Automatic;
				CURRENT_PROJECT_VERSION = 1;
				DEVELOPMENT_TEAM = KWVJ99C465;
				ENABLE_TESTABILITY = NO;
				ENABLE_TESTING_SEARCH_PATHS = NO;
				GENERATE_INFOPLIST_FILE = YES;
				INFOPLIST_FILE = SpaceWanderer/Info.plist;
				INFOPLIST_KEY_NSHealthShareUsageDescription = "이 앱은 사용자의 걸음 수 데이터를 보기 위해 HealthKit 접근 권한이 필요합니다.";
				INFOPLIST_KEY_NSLocalNetworkUsageDescription = "로컬 네트워크에 접근하여 서버와 통신하기 위함입니다.";
				INFOPLIST_KEY_NSMotionUsageDescription = "사용자의 걸음 수와 운동 활동을 추적하기 위해 동작 데이터를 사용합니다.";
				INFOPLIST_KEY_UIApplicationSupportsIndirectInputEvents = YES;
				INFOPLIST_KEY_UILaunchStoryboardName = LaunchScreen;
				INFOPLIST_KEY_UISupportedInterfaceOrientations_iPad = "UIInterfaceOrientationPortrait UIInterfaceOrientationPortraitUpsideDown UIInterfaceOrientationLandscapeLeft UIInterfaceOrientationLandscapeRight";
				INFOPLIST_KEY_UISupportedInterfaceOrientations_iPhone = "UIInterfaceOrientationPortrait UIInterfaceOrientationLandscapeLeft UIInterfaceOrientationLandscapeRight";
				LD_RUNPATH_SEARCH_PATHS = (
					"$(inherited)",
					"@executable_path/Frameworks",
				);
				MARKETING_VERSION = 1.0;
				PRODUCT_BUNDLE_IDENTIFIER = com.space.wanderer;
				PRODUCT_NAME = "$(TARGET_NAME)";
				SWIFT_EMIT_LOC_STRINGS = YES;
				SWIFT_VERSION = 5.0;
				TARGETED_DEVICE_FAMILY = "1,2";
			};
			name = Release;
		};
/* End XCBuildConfiguration section */

/* Begin XCConfigurationList section */
		0B301C702CC272520008804A /* Build configuration list for PBXProject "SpaceWanderer" */ = {
			isa = XCConfigurationList;
			buildConfigurations = (
				0B301C8A2CC272550008804A /* Debug */,
				0B301C8B2CC272550008804A /* Release */,
			);
			defaultConfigurationIsVisible = 0;
			defaultConfigurationName = Release;
		};
		0B301C8C2CC272550008804A /* Build configuration list for PBXNativeTarget "SpaceWanderer" */ = {
			isa = XCConfigurationList;
			buildConfigurations = (
				0B301C8D2CC272550008804A /* Debug */,
				0B301C8E2CC272550008804A /* Release */,
			);
			defaultConfigurationIsVisible = 0;
			defaultConfigurationName = Release;
		};
/* End XCConfigurationList section */

/* Begin XCRemoteSwiftPackageReference section */
		0B07675C2CD2270800866B22 /* XCRemoteSwiftPackageReference "kakao-ios-sdk" */ = {
			isa = XCRemoteSwiftPackageReference;
			repositoryURL = "https://github.com/kakao/kakao-ios-sdk";
			requirement = {
				kind = upToNextMajorVersion;
				minimumVersion = 2.23.0;
			};
		};
		0B8BC1FA2CDA1AC90009B553 /* XCRemoteSwiftPackageReference "Then" */ = {
			isa = XCRemoteSwiftPackageReference;
			repositoryURL = "https://github.com/devxoul/Then";
			requirement = {
				kind = upToNextMajorVersion;
				minimumVersion = 3.0.0;
			};
		};
		0B8BC1FD2CDA1ADA0009B553 /* XCRemoteSwiftPackageReference "SnapKit" */ = {
			isa = XCRemoteSwiftPackageReference;
			repositoryURL = "https://github.com/SnapKit/SnapKit.git";
			requirement = {
				kind = upToNextMajorVersion;
				minimumVersion = 5.7.1;
			};
		};
/* End XCRemoteSwiftPackageReference section */

/* Begin XCSwiftPackageProductDependency section */
		0B07676E2CD2767600866B22 /* KakaoSDKAuth */ = {
			isa = XCSwiftPackageProductDependency;
			package = 0B07675C2CD2270800866B22 /* XCRemoteSwiftPackageReference "kakao-ios-sdk" */;
			productName = KakaoSDKAuth;
		};
		0B0767742CD2767600866B22 /* KakaoSDKCommon */ = {
			isa = XCSwiftPackageProductDependency;
			package = 0B07675C2CD2270800866B22 /* XCRemoteSwiftPackageReference "kakao-ios-sdk" */;
			productName = KakaoSDKCommon;
		};
		0B0767762CD276E500866B22 /* KakaoSDKUser */ = {
			isa = XCSwiftPackageProductDependency;
			package = 0B07675C2CD2270800866B22 /* XCRemoteSwiftPackageReference "kakao-ios-sdk" */;
			productName = KakaoSDKUser;
		};
		0B8BC1FB2CDA1AC90009B553 /* Then */ = {
			isa = XCSwiftPackageProductDependency;
			package = 0B8BC1FA2CDA1AC90009B553 /* XCRemoteSwiftPackageReference "Then" */;
			productName = Then;
		};
		0B8BC1FE2CDA1ADA0009B553 /* SnapKit */ = {
			isa = XCSwiftPackageProductDependency;
			package = 0B8BC1FD2CDA1ADA0009B553 /* XCRemoteSwiftPackageReference "SnapKit" */;
			productName = SnapKit;
		};
/* End XCSwiftPackageProductDependency section */

/* Begin XCVersionGroup section */
		0B301C812CC272530008804A /* SpaceWanderer.xcdatamodeld */ = {
			isa = XCVersionGroup;
			children = (
				0B301C822CC272530008804A /* SpaceWanderer.xcdatamodel */,
			);
			currentVersion = 0B301C822CC272530008804A /* SpaceWanderer.xcdatamodel */;
			path = SpaceWanderer.xcdatamodeld;
			sourceTree = "<group>";
			versionGroupType = wrapper.xcdatamodel;
		};
/* End XCVersionGroup section */
	};
	rootObject = 0B301C6D2CC272520008804A /* Project object */;
}
